<Solution>
  <Project Path="CimemaBookingSystem.Tests/CimemaBookingSystem.Tests.csproj" Id="cdfbf9b7-9d94-4005-b8d9-da153b698782" />
  <Project Path="CinemaBookingSystem.Core/CinemaBookingSystem.Core.csproj" />
  <Project Path="CinemaBookingSystem.UI/CinemaBookingSystem.UI.csproj" Id="0bbe93cd-7b18-4457-bc2e-cc84776b706d" />
</Solution>
